// !$*UTF8*$!
{
	archiveVersion = 1;
	classes = {
	};
	objectVersion = 50;
	objects = {

/* Begin PBXBuildFile section */
		17EDFEC91610946BD3A0AA8E /* Pods_marvelapp_start.framework in Frameworks */ = {isa = PBXBuildFile; fileRef = 5C3D7AB85EA887FF8407C91E /* Pods_marvelapp_start.framework */; };
		A010111F229DE51E0089CDF7 /* Character.swift in Sources */ = {isa = PBXBuildFile; fileRef = A010111E229DE51E0089CDF7 /* Character.swift */; };
		A0101121229DEB820089CDF7 /* MarvelAPI.swift in Sources */ = {isa = PBXBuildFile; fileRef = A0101120229DEB820089CDF7 /* MarvelAPI.swift */; };
		A06B4C47229DAC240010906A /* LaunchScreen.storyboard in Resources */ = {isa = PBXBuildFile; fileRef = A06B4C46229DAC240010906A /* LaunchScreen.storyboard */; };
		A06B4C49229DACAC0010906A /* Main.storyboard in Resources */ = {isa = PBXBuildFile; fileRef = A06B4C48229DACAC0010906A /* Main.storyboard */; };
		A06B4C4B229DADF30010906A /* CharacterViewController.swift in Sources */ = {isa = PBXBuildFile; fileRef = A06B4C4A229DADF30010906A /* CharacterViewController.swift */; };
		A06B4C4D229DAE330010906A /* CharactersViewController.swift in Sources */ = {isa = PBXBuildFile; fileRef = A06B4C4C229DAE330010906A /* CharactersViewController.swift */; };
		A0C7E0F3229F2BC2007D1F37 /* ThumbImage.swift in Sources */ = {isa = PBXBuildFile; fileRef = A0C7E0F2229F2BC2007D1F37 /* ThumbImage.swift */; };
		A0C7E13B229D9D26007E5536 /* AppDelegate.swift in Sources */ = {isa = PBXBuildFile; fileRef = A0C7E13A229D9D26007E5536 /* AppDelegate.swift */; };
		A0C7E142229D9D26007E5536 /* Assets.xcassets in Resources */ = {isa = PBXBuildFile; fileRef = A0C7E141229D9D26007E5536 /* Assets.xcassets */; };
		A0D82773229EDA410030D325 /* MarvelAPIManager.swift in Sources */ = {isa = PBXBuildFile; fileRef = A0D82772229EDA410030D325 /* MarvelAPIManager.swift */; };
/* End PBXBuildFile section */

/* Begin PBXFileReference section */
		3A69AFD8E0C34D65286A11BA /* Pods-marvelapp_start.release.xcconfig */ = {isa = PBXFileReference; includeInIndex = 1; lastKnownFileType = text.xcconfig; name = "Pods-marvelapp_start.release.xcconfig"; path = "Target Support Files/Pods-marvelapp_start/Pods-marvelapp_start.release.xcconfig"; sourceTree = "<group>"; };
		5C3D7AB85EA887FF8407C91E /* Pods_marvelapp_start.framework */ = {isa = PBXFileReference; explicitFileType = wrapper.framework; includeInIndex = 0; path = Pods_marvelapp_start.framework; sourceTree = BUILT_PRODUCTS_DIR; };
		7DAB97B007B78EE872A840E6 /* Pods-marvelapp_start.debug.xcconfig */ = {isa = PBXFileReference; includeInIndex = 1; lastKnownFileType = text.xcconfig; name = "Pods-marvelapp_start.debug.xcconfig"; path = "Target Support Files/Pods-marvelapp_start/Pods-marvelapp_start.debug.xcconfig"; sourceTree = "<group>"; };
		A010111E229DE51E0089CDF7 /* Character.swift */ = {isa = PBXFileReference; lastKnownFileType = sourcecode.swift; path = Character.swift; sourceTree = "<group>"; };
		A0101120229DEB820089CDF7 /* MarvelAPI.swift */ = {isa = PBXFileReference; lastKnownFileType = sourcecode.swift; path = MarvelAPI.swift; sourceTree = "<group>"; };
		A06B4C46229DAC240010906A /* LaunchScreen.storyboard */ = {isa = PBXFileReference; lastKnownFileType = file.storyboard; path = LaunchScreen.storyboard; sourceTree = "<group>"; };
		A06B4C48229DACAC0010906A /* Main.storyboard */ = {isa = PBXFileReference; lastKnownFileType = file.storyboard; path = Main.storyboard; sourceTree = "<group>"; };
		A06B4C4A229DADF30010906A /* CharacterViewController.swift */ = {isa = PBXFileReference; lastKnownFileType = sourcecode.swift; path = CharacterViewController.swift; sourceTree = "<group>"; };
		A06B4C4C229DAE330010906A /* CharactersViewController.swift */ = {isa = PBXFileReference; lastKnownFileType = sourcecode.swift; path = CharactersViewController.swift; sourceTree = "<group>"; };
		A0C7E0F2229F2BC2007D1F37 /* ThumbImage.swift */ = {isa = PBXFileReference; lastKnownFileType = sourcecode.swift; path = ThumbImage.swift; sourceTree = "<group>"; };
		A0C7E137229D9D26007E5536 /* marvelapp_start.app */ = {isa = PBXFileReference; explicitFileType = wrapper.application; includeInIndex = 0; path = marvelapp_start.app; sourceTree = BUILT_PRODUCTS_DIR; };
		A0C7E13A229D9D26007E5536 /* AppDelegate.swift */ = {isa = PBXFileReference; lastKnownFileType = sourcecode.swift; path = AppDelegate.swift; sourceTree = "<group>"; };
		A0C7E141229D9D26007E5536 /* Assets.xcassets */ = {isa = PBXFileReference; lastKnownFileType = folder.assetcatalog; path = Assets.xcassets; sourceTree = "<group>"; };
		A0C7E146229D9D26007E5536 /* Info.plist */ = {isa = PBXFileReference; lastKnownFileType = text.plist.xml; path = Info.plist; sourceTree = "<group>"; };
		A0D82772229EDA410030D325 /* MarvelAPIManager.swift */ = {isa = PBXFileReference; lastKnownFileType = sourcecode.swift; path = MarvelAPIManager.swift; sourceTree = "<group>"; };
/* End PBXFileReference section */

/* Begin PBXFrameworksBuildPhase section */
		A0C7E134229D9D26007E5536 /* Frameworks */ = {
			isa = PBXFrameworksBuildPhase;
			buildActionMask = 2147483647;
			files = (
				17EDFEC91610946BD3A0AA8E /* Pods_marvelapp_start.framework in Frameworks */,
			);
			runOnlyForDeploymentPostprocessing = 0;
		};
/* End PBXFrameworksBuildPhase section */

/* Begin PBXGroup section */
		A06B4C4E229DAEC50010906A /* Storyboards */ = {
			isa = PBXGroup;
			children = (
				A06B4C46229DAC240010906A /* LaunchScreen.storyboard */,
				A06B4C48229DACAC0010906A /* Main.storyboard */,
			);
			path = Storyboards;
			sourceTree = "<group>";
		};
		A06B4C4F229DAF060010906A /* Resources */ = {
			isa = PBXGroup;
			children = (
				A0C7E141229D9D26007E5536 /* Assets.xcassets */,
				A0C7E146229D9D26007E5536 /* Info.plist */,
			);
			path = Resources;
			sourceTree = "<group>";
		};
		A06B4C50229DAF9B0010906A /* AppDelegate */ = {
			isa = PBXGroup;
			children = (
				A0C7E13A229D9D26007E5536 /* AppDelegate.swift */,
			);
			path = AppDelegate;
			sourceTree = "<group>";
		};
		A06B4C51229DAFE60010906A /* Controllers */ = {
			isa = PBXGroup;
			children = (
				A06B4C4A229DADF30010906A /* CharacterViewController.swift */,
				A06B4C4C229DAE330010906A /* CharactersViewController.swift */,
			);
			path = Controllers;
			sourceTree = "<group>";
		};
		A0C7E12E229D9D26007E5536 = {
			isa = PBXGroup;
			children = (
				ED8749AC9E9F591967A3EBAF /* Frameworks */,
				A8F48E0982F8D6124DA5C95D /* Pods */,
				A0C7E138229D9D26007E5536 /* Products */,
				A0C7E139229D9D26007E5536 /* marvelapp_start */,
			);
			sourceTree = "<group>";
		};
		A0C7E138229D9D26007E5536 /* Products */ = {
			isa = PBXGroup;
			children = (
				A0C7E137229D9D26007E5536 /* marvelapp_start.app */,
			);
			name = Products;
			sourceTree = "<group>";
		};
		A0C7E139229D9D26007E5536 /* marvelapp_start */ = {
			isa = PBXGroup;
			children = (
				A06B4C50229DAF9B0010906A /* AppDelegate */,
				A06B4C51229DAFE60010906A /* Controllers */,
				A0D82774229F24390030D325 /* Models */,
				A0D82776229F24560030D325 /* Network */,
				A06B4C4F229DAF060010906A /* Resources */,
				A06B4C4E229DAEC50010906A /* Storyboards */,
			);
			path = marvelapp_start;
			sourceTree = "<group>";
		};
		A0D82774229F24390030D325 /* Models */ = {
			isa = PBXGroup;
			children = (
				A010111E229DE51E0089CDF7 /* Character.swift */,
				A0C7E0F2229F2BC2007D1F37 /* ThumbImage.swift */,
			);
			path = Models;
			sourceTree = "<group>";
		};
		A0D82776229F24560030D325 /* Network */ = {
			isa = PBXGroup;
			children = (
				A0101120229DEB820089CDF7 /* MarvelAPI.swift */,
				A0D82772229EDA410030D325 /* MarvelAPIManager.swift */,
			);
			path = Network;
			sourceTree = "<group>";
		};
		A8F48E0982F8D6124DA5C95D /* Pods */ = {
			isa = PBXGroup;
			children = (
				7DAB97B007B78EE872A840E6 /* Pods-marvelapp_start.debug.xcconfig */,
				3A69AFD8E0C34D65286A11BA /* Pods-marvelapp_start.release.xcconfig */,
			);
			path = Pods;
			sourceTree = "<group>";
		};
		ED8749AC9E9F591967A3EBAF /* Frameworks */ = {
			isa = PBXGroup;
			children = (
				5C3D7AB85EA887FF8407C91E /* Pods_marvelapp_start.framework */,
			);
			name = Frameworks;
			sourceTree = "<group>";
		};
/* End PBXGroup section */

/* Begin PBXNativeTarget section */
		A0C7E136229D9D26007E5536 /* marvelapp_start */ = {
			isa = PBXNativeTarget;
			buildConfigurationList = A0C7E149229D9D27007E5536 /* Build configuration list for PBXNativeTarget "marvelapp_start" */;
			buildPhases = (
				22C140B13BDB59E229FBDE5D /* [CP] Check Pods Manifest.lock */,
				A0C7E133229D9D26007E5536 /* Sources */,
				A0C7E134229D9D26007E5536 /* Frameworks */,
				A0C7E135229D9D26007E5536 /* Resources */,
				F883C576D75E0FB234BBEA66 /* [CP] Embed Pods Frameworks */,
			);
			buildRules = (
			);
			dependencies = (
			);
			name = marvelapp_start;
			productName = marvelapp_start;
			productReference = A0C7E137229D9D26007E5536 /* marvelapp_start.app */;
			productType = "com.apple.product-type.application";
		};
/* End PBXNativeTarget section */

/* Begin PBXProject section */
		A0C7E12F229D9D26007E5536 /* Project object */ = {
			isa = PBXProject;
			attributes = {
				LastSwiftUpdateCheck = 1010;
				LastUpgradeCheck = 1010;
				ORGANIZATIONNAME = eduardo;
				TargetAttributes = {
					A0C7E136229D9D26007E5536 = {
						CreatedOnToolsVersion = 10.1;
					};
				};
			};
			buildConfigurationList = A0C7E132229D9D26007E5536 /* Build configuration list for PBXProject "marvelapp_start" */;
			compatibilityVersion = "Xcode 9.3";
			developmentRegion = en;
			hasScannedForEncodings = 0;
			knownRegions = (
				en,
				Base,
			);
			mainGroup = A0C7E12E229D9D26007E5536;
			productRefGroup = A0C7E138229D9D26007E5536 /* Products */;
			projectDirPath = "";
			projectRoot = "";
			targets = (
				A0C7E136229D9D26007E5536 /* marvelapp_start */,
			);
		};
/* End PBXProject section */

/* Begin PBXResourcesBuildPhase section */
		A0C7E135229D9D26007E5536 /* Resources */ = {
			isa = PBXResourcesBuildPhase;
			buildActionMask = 2147483647;
			files = (
				A06B4C49229DACAC0010906A /* Main.storyboard in Resources */,
				A06B4C47229DAC240010906A /* LaunchScreen.storyboard in Resources */,
				A0C7E142229D9D26007E5536 /* Assets.xcassets in Resources */,
			);
			runOnlyForDeploymentPostprocessing = 0;
		};
/* End PBXResourcesBuildPhase section */

/* Begin PBXShellScriptBuildPhase section */
		22C140B13BDB59E229FBDE5D /* [CP] Check Pods Manifest.lock */ = {
			isa = PBXShellScriptBuildPhase;
			buildActionMask = 2147483647;
			files = (
			);
			inputFileListPaths = (
			);
			inputPaths = (
				"${PODS_PODFILE_DIR_PATH}/Podfile.lock",
				"${PODS_ROOT}/Manifest.lock",
			);
			name = "[CP] Check Pods Manifest.lock";
			outputFileListPaths = (
			);
			outputPaths = (
				"$(DERIVED_FILE_DIR)/Pods-marvelapp_start-checkManifestLockResult.txt",
			);
			runOnlyForDeploymentPostprocessing = 0;
			shellPath = /bin/sh;
			shellScript = "diff \"${PODS_PODFILE_DIR_PATH}/Podfile.lock\" \"${PODS_ROOT}/Manifest.lock\" > /dev/null\nif [ $? != 0 ] ; then\n    # print error to STDERR\n    echo \"error: The sandbox is not in sync with the Podfile.lock. Run 'pod install' or update your CocoaPods installation.\" >&2\n    exit 1\nfi\n# This output is used by Xcode 'outputs' to avoid re-running this script phase.\necho \"SUCCESS\" > \"${SCRIPT_OUTPUT_FILE_0}\"\n";
			showEnvVarsInLog = 0;
		};
		F883C576D75E0FB234BBEA66 /* [CP] Embed Pods Frameworks */ = {
			isa = PBXShellScriptBuildPhase;
			buildActionMask = 2147483647;
			files = (
			);
			inputFileListPaths = (
			);
			inputPaths = (
				"${PODS_ROOT}/Target Support Files/Pods-marvelapp_start/Pods-marvelapp_start-frameworks.sh",
				"${BUILT_PRODUCTS_DIR}/Alamofire/Alamofire.framework",
				"${BUILT_PRODUCTS_DIR}/CryptoSwift/CryptoSwift.framework",
				"${BUILT_PRODUCTS_DIR}/Dollar/Dollar.framework",
				"${BUILT_PRODUCTS_DIR}/Keys/Keys.framework",
				"${BUILT_PRODUCTS_DIR}/Moya/Moya.framework",
				"${BUILT_PRODUCTS_DIR}/Moya-ObjectMapper/Moya_ObjectMapper.framework",
				"${BUILT_PRODUCTS_DIR}/ObjectMapper/ObjectMapper.framework",
				"${BUILT_PRODUCTS_DIR}/Result/Result.framework",
				"${BUILT_PRODUCTS_DIR}/RxSwift/RxSwift.framework",
			);
			name = "[CP] Embed Pods Frameworks";
			outputFileListPaths = (
			);
			outputPaths = (
				"${TARGET_BUILD_DIR}/${FRAMEWORKS_FOLDER_PATH}/Alamofire.framework",
				"${TARGET_BUILD_DIR}/${FRAMEWORKS_FOLDER_PATH}/CryptoSwift.framework",
				"${TARGET_BUILD_DIR}/${FRAMEWORKS_FOLDER_PATH}/Dollar.framework",
				"${TARGET_BUILD_DIR}/${FRAMEWORKS_FOLDER_PATH}/Keys.framework",
				"${TARGET_BUILD_DIR}/${FRAMEWORKS_FOLDER_PATH}/Moya.framework",
				"${TARGET_BUILD_DIR}/${FRAMEWORKS_FOLDER_PATH}/Moya_ObjectMapper.framework",
				"${TARGET_BUILD_DIR}/${FRAMEWORKS_FOLDER_PATH}/ObjectMapper.framework",
				"${TARGET_BUILD_DIR}/${FRAMEWORKS_FOLDER_PATH}/Result.framework",
				"${TARGET_BUILD_DIR}/${FRAMEWORKS_FOLDER_PATH}/RxSwift.framework",
			);
			runOnlyForDeploymentPostprocessing = 0;
			shellPath = /bin/sh;
			shellScript = "\"${PODS_ROOT}/Target Support Files/Pods-marvelapp_start/Pods-marvelapp_start-frameworks.sh\"\n";
			showEnvVarsInLog = 0;
		};
/* End PBXShellScriptBuildPhase section */

/* Begin PBXSourcesBuildPhase section */
		A0C7E133229D9D26007E5536 /* Sources */ = {
			isa = PBXSourcesBuildPhase;
			buildActionMask = 2147483647;
			files = (
				A0101121229DEB820089CDF7 /* MarvelAPI.swift in Sources */,
				A0D82773229EDA410030D325 /* MarvelAPIManager.swift in Sources */,
				A0C7E0F3229F2BC2007D1F37 /* ThumbImage.swift in Sources */,
				A06B4C4B229DADF30010906A /* CharacterViewController.swift in Sources */,
				A0C7E13B229D9D26007E5536 /* AppDelegate.swift in Sources */,
				A06B4C4D229DAE330010906A /* CharactersViewController.swift in Sources */,
				A010111F229DE51E0089CDF7 /* Character.swift in Sources */,
			);
			runOnlyForDeploymentPostprocessing = 0;
		};
/* End PBXSourcesBuildPhase section */

/* Begin XCBuildConfiguration section */
		A0C7E147229D9D26007E5536 /* Debug */ = {
			isa = XCBuildConfiguration;
			buildSettings = {
				ALWAYS_SEARCH_USER_PATHS = NO;
				CLANG_ANALYZER_NONNULL = YES;
				CLANG_ANALYZER_NUMBER_OBJECT_CONVERSION = YES_AGGRESSIVE;
				CLANG_CXX_LANGUAGE_STANDARD = "gnu++14";
				CLANG_CXX_LIBRARY = "libc++";
				CLANG_ENABLE_MODULES = YES;
				CLANG_ENABLE_OBJC_ARC = YES;
				CLANG_ENABLE_OBJC_WEAK = YES;
				CLANG_WARN_BLOCK_CAPTURE_AUTORELEASING = YES;
				CLANG_WARN_BOOL_CONVERSION = YES;
				CLANG_WARN_COMMA = YES;
				CLANG_WARN_CONSTANT_CONVERSION = YES;
				CLANG_WARN_DEPRECATED_OBJC_IMPLEMENTATIONS = YES;
				CLANG_WARN_DIRECT_OBJC_ISA_USAGE = YES_ERROR;
				CLANG_WARN_DOCUMENTATION_COMMENTS = YES;
				CLANG_WARN_EMPTY_BODY = YES;
				CLANG_WARN_ENUM_CONVERSION = YES;
				CLANG_WARN_INFINITE_RECURSION = YES;
				CLANG_WARN_INT_CONVERSION = YES;
				CLANG_WARN_NON_LITERAL_NULL_CONVERSION = YES;
				CLANG_WARN_OBJC_IMPLICIT_RETAIN_SELF = YES;
				CLANG_WARN_OBJC_LITERAL_CONVERSION = YES;
				CLANG_WARN_OBJC_ROOT_CLASS = YES_ERROR;
				CLANG_WARN_RANGE_LOOP_ANALYSIS = YES;
				CLANG_WARN_STRICT_PROTOTYPES = YES;
				CLANG_WARN_SUSPICIOUS_MOVE = YES;
				CLANG_WARN_UNGUARDED_AVAILABILITY = YES_AGGRESSIVE;
				CLANG_WARN_UNREACHABLE_CODE = YES;
				CLANG_WARN__DUPLICATE_METHOD_MATCH = YES;
				CODE_SIGN_IDENTITY = "iPhone Developer";
				COPY_PHASE_STRIP = NO;
				DEBUG_INFORMATION_FORMAT = dwarf;
				ENABLE_STRICT_OBJC_MSGSEND = YES;
				ENABLE_TESTABILITY = YES;
				GCC_C_LANGUAGE_STANDARD = gnu11;
				GCC_DYNAMIC_NO_PIC = NO;
				GCC_NO_COMMON_BLOCKS = YES;
				GCC_OPTIMIZATION_LEVEL = 0;
				GCC_PREPROCESSOR_DEFINITIONS = (
					"DEBUG=1",
					"$(inherited)",
				);
				GCC_WARN_64_TO_32_BIT_CONVERSION = YES;
				GCC_WARN_ABOUT_RETURN_TYPE = YES_ERROR;
				GCC_WARN_UNDECLARED_SELECTOR = YES;
				GCC_WARN_UNINITIALIZED_AUTOS = YES_AGGRESSIVE;
				GCC_WARN_UNUSED_FUNCTION = YES;
				GCC_WARN_UNUSED_VARIABLE = YES;
				IPHONEOS_DEPLOYMENT_TARGET = 12.1;
				MTL_ENABLE_DEBUG_INFO = INCLUDE_SOURCE;
				MTL_FAST_MATH = YES;
				ONLY_ACTIVE_ARCH = YES;
				SDKROOT = iphoneos;
				SWIFT_ACTIVE_COMPILATION_CONDITIONS = DEBUG;
				SWIFT_OPTIMIZATION_LEVEL = "-Onone";
			};
			name = Debug;
		};
		A0C7E148229D9D26007E5536 /* Release */ = {
			isa = XCBuildConfiguration;
			buildSettings = {
				ALWAYS_SEARCH_USER_PATHS = NO;
				CLANG_ANALYZER_NONNULL = YES;
				CLANG_ANALYZER_NUMBER_OBJECT_CONVERSION = YES_AGGRESSIVE;
				CLANG_CXX_LANGUAGE_STANDARD = "gnu++14";
				CLANG_CXX_LIBRARY = "libc++";
				CLANG_ENABLE_MODULES = YES;
				CLANG_ENABLE_OBJC_ARC = YES;
				CLANG_ENABLE_OBJC_WEAK = YES;
				CLANG_WARN_BLOCK_CAPTURE_AUTORELEASING = YES;
				CLANG_WARN_BOOL_CONVERSION = YES;
				CLANG_WARN_COMMA = YES;
				CLANG_WARN_CONSTANT_CONVERSION = YES;
				CLANG_WARN_DEPRECATED_OBJC_IMPLEMENTATIONS = YES;
				CLANG_WARN_DIRECT_OBJC_ISA_USAGE = YES_ERROR;
				CLANG_WARN_DOCUMENTATION_COMMENTS = YES;
				CLANG_WARN_EMPTY_BODY = YES;
				CLANG_WARN_ENUM_CONVERSION = YES;
				CLANG_WARN_INFINITE_RECURSION = YES;
				CLANG_WARN_INT_CONVERSION = YES;
				CLANG_WARN_NON_LITERAL_NULL_CONVERSION = YES;
				CLANG_WARN_OBJC_IMPLICIT_RETAIN_SELF = YES;
				CLANG_WARN_OBJC_LITERAL_CONVERSION = YES;
				CLANG_WARN_OBJC_ROOT_CLASS = YES_ERROR;
				CLANG_WARN_RANGE_LOOP_ANALYSIS = YES;
				CLANG_WARN_STRICT_PROTOTYPES = YES;
				CLANG_WARN_SUSPICIOUS_MOVE = YES;
				CLANG_WARN_UNGUARDED_AVAILABILITY = YES_AGGRESSIVE;
				CLANG_WARN_UNREACHABLE_CODE = YES;
				CLANG_WARN__DUPLICATE_METHOD_MATCH = YES;
				CODE_SIGN_IDENTITY = "iPhone Developer";
				COPY_PHASE_STRIP = NO;
				DEBUG_INFORMATION_FORMAT = "dwarf-with-dsym";
				ENABLE_NS_ASSERTIONS = NO;
				ENABLE_STRICT_OBJC_MSGSEND = YES;
				GCC_C_LANGUAGE_STANDARD = gnu11;
				GCC_NO_COMMON_BLOCKS = YES;
				GCC_WARN_64_TO_32_BIT_CONVERSION = YES;
				GCC_WARN_ABOUT_RETURN_TYPE = YES_ERROR;
				GCC_WARN_UNDECLARED_SELECTOR = YES;
				GCC_WARN_UNINITIALIZED_AUTOS = YES_AGGRESSIVE;
				GCC_WARN_UNUSED_FUNCTION = YES;
				GCC_WARN_UNUSED_VARIABLE = YES;
				IPHONEOS_DEPLOYMENT_TARGET = 12.1;
				MTL_ENABLE_DEBUG_INFO = NO;
				MTL_FAST_MATH = YES;
				SDKROOT = iphoneos;
				SWIFT_COMPILATION_MODE = wholemodule;
				SWIFT_OPTIMIZATION_LEVEL = "-O";
				VALIDATE_PRODUCT = YES;
			};
			name = Release;
		};
		A0C7E14A229D9D27007E5536 /* Debug */ = {
			isa = XCBuildConfiguration;
			baseConfigurationReference = 7DAB97B007B78EE872A840E6 /* Pods-marvelapp_start.debug.xcconfig */;
			buildSettings = {
				ASSETCATALOG_COMPILER_APPICON_NAME = AppIcon;
				CODE_SIGN_STYLE = Automatic;
				DEVELOPMENT_TEAM = A9787QGZR6;
				INFOPLIST_FILE = "$(SRCROOT)/marvelapp_start/Resources/Info.plist";
				LD_RUNPATH_SEARCH_PATHS = (
					"$(inherited)",
					"@executable_path/Frameworks",
				);
				PRODUCT_BUNDLE_IDENTIFIER = "org.edu.marvelapp-start";
				PRODUCT_NAME = "$(TARGET_NAME)";
				SWIFT_VERSION = 4.2;
				TARGETED_DEVICE_FAMILY = "1,2";
			};
			name = Debug;
		};
		A0C7E14B229D9D27007E5536 /* Release */ = {
			isa = XCBuildConfiguration;
			baseConfigurationReference = 3A69AFD8E0C34D65286A11BA /* Pods-marvelapp_start.release.xcconfig */;
			buildSettings = {
				ASSETCATALOG_COMPILER_APPICON_NAME = AppIcon;
				CODE_SIGN_STYLE = Automatic;
				DEVELOPMENT_TEAM = A9787QGZR6;
				INFOPLIST_FILE = "$(SRCROOT)/marvelapp_start/Resources/Info.plist";
				LD_RUNPATH_SEARCH_PATHS = (
					"$(inherited)",
					"@executable_path/Frameworks",
				);
				PRODUCT_BUNDLE_IDENTIFIER = "org.edu.marvelapp-start";
				PRODUCT_NAME = "$(TARGET_NAME)";
				SWIFT_VERSION = 4.2;
				TARGETED_DEVICE_FAMILY = "1,2";
			};
			name = Release;
		};
/* End XCBuildConfiguration section */

/* Begin XCConfigurationList section */
		A0C7E132229D9D26007E5536 /* Build configuration list for PBXProject "marvelapp_start" */ = {
			isa = XCConfigurationList;
			buildConfigurations = (
				A0C7E147229D9D26007E5536 /* Debug */,
				A0C7E148229D9D26007E5536 /* Release */,
			);
			defaultConfigurationIsVisible = 0;
			defaultConfigurationName = Release;
		};
		A0C7E149229D9D27007E5536 /* Build configuration list for PBXNativeTarget "marvelapp_start" */ = {
			isa = XCConfigurationList;
			buildConfigurations = (
				A0C7E14A229D9D27007E5536 /* Debug */,
				A0C7E14B229D9D27007E5536 /* Release */,
			);
			defaultConfigurationIsVisible = 0;
			defaultConfigurationName = Release;
		};
/* End XCConfigurationList section */
	};
	rootObject = A0C7E12F229D9D26007E5536 /* Project object */;
}
