PODS:
  - Alamofire (4.8.2)
  - CryptoSwift (1.0.0)
  - Dollar (8.0.0)
  - Fakery (4.0.0)
  - Keys (1.0.1)
  - Kingfisher (5.6.0)
  - Moya (12.0.1):
    - Moya/Core (= 12.0.1)
  - Moya-ObjectMapper/Core (2.8):
    - Moya (~> 12.0)
    - ObjectMapper (~> 3.4)
  - Moya-ObjectMapper/RxSwift (2.8):
    - Moya-ObjectMapper/Core
    - Moya/RxSwift
    - RxSwift (~> 4)
  - Moya/Core (12.0.1):
    - Alamofire (~> 4.1)
    - Result (~> 4.0)
  - Moya/RxSwift (12.0.1):
    - Moya/Core
    - RxSwift (~> 4.0)
  - Nimble (8.0.2)
  - ObjectMapper (3.5.0)
  - Quick (2.1.0)
  - Result (4.1.0)
  - Reusable (4.1.0):
    - Reusable/Storyboard (= 4.1.0)
    - Reusable/View (= 4.1.0)
  - Reusable/Storyboard (4.1.0)
  - Reusable/View (4.1.0)
  - RxSwift (4.5.0)
  - SwiftGen (6.1.0)

DEPENDENCIES:
  - CryptoSwift
  - Dollar
  - Fakery
  - Keys (from `Pods/CocoaPodsKeys`)
  - Kingfisher
  - Moya-ObjectMapper/RxSwift (from `https://github.com/ivanbruel/Moya-ObjectMapper`)
  - Moya/RxSwift (~> 12.0.1)
  - Nimble
  - ObjectMapper
  - Quick
  - Reusable
  - RxSwift (~> 4.5)
  - SwiftGen

SPEC REPOS:
  https://github.com/cocoapods/specs.git:
    - Alamofire
    - CryptoSwift
    - Dollar
    - Fakery
    - Kingfisher
    - Moya
    - Nimble
    - ObjectMapper
    - Quick
    - Result
    - Reusable
    - RxSwift
    - SwiftGen

EXTERNAL SOURCES:
  Keys:
    :path: Pods/CocoaPodsKeys
  Moya-ObjectMapper:
    :git: https://github.com/ivanbruel/Moya-ObjectMapper

CHECKOUT OPTIONS:
  Moya-ObjectMapper:
    :commit: 7deadd2621af5812ab458707490b6bfe8015fc2b
    :git: https://github.com/ivanbruel/Moya-ObjectMapper

SPEC CHECKSUMS:
  Alamofire: ae5c501addb7afdbb13687d7f2f722c78734c2d3
  CryptoSwift: d81eeaa59dc5a8d03720fe919a6fd07b51f7439f
  Dollar: 82581ff2e4e80b26ba11fad5ac7e638892522ca5
  Fakery: 476f6d947de432f84703acc830a1e7166330299b
  Keys: a576f4c9c1c641ca913a959a9c62ed3f215a8de9
  Kingfisher: 1a50df6880a60bae26f3e21a0df3d17b892f5e0b
  Moya: cf730b3cd9e005401ef37a85143aa141a12fd38f
  Moya-ObjectMapper: c514b5eafcfd5e260f85f7a5bf66895a217e2b37
  Nimble: 622629381bda1dd5678162f21f1368cec7cbba60
  ObjectMapper: 078b564ed25c6578b62588e306bf1da3924636d4
  Quick: 4be43f6634acfa727dd106bdf3929ce125ffa79d
  Result: bd966fac789cc6c1563440b348ab2598cc24d5c7
  Reusable: 82be188f29d96dc5eff0db7b2393bcc08d2cdd5b
  RxSwift: f172070dfd1a93d70a9ab97a5a01166206e1c575
  SwiftGen: f872ca75cbd17bf7103c17f13dcfa0d9a15667b0

PODFILE CHECKSUM: c398cefff3ceb46dcb1d591432c5cdfbb768a9a4

COCOAPODS: 1.7.1
